
Microsoft Visual Studio Solution File, Format Version 12.00
# Visual Studio Version 17
VisualStudioVersion = 17.11.35327.3
MinimumVisualStudioVersion = 10.0.40219.1
Project("{FAE04EC0-301F-11D3-BF4B-00C04F79EFBC}") = "計算機renew", "計算機renew.csproj", "{A994347E-4CDC-4547-9A89-C42DE5AB9E96}"
EndProject
Global
	GlobalSection(SolutionConfigurationPlatforms) = preSolution
		Debug|Any CPU = Debug|Any CPU
		Release|Any CPU = Release|Any CPU
	EndGlobalSection
	GlobalSection(ProjectConfigurationPlatforms) = postSolution
		{A994347E-4CDC-4547-9A89-C42DE5AB9E96}.Debug|Any CPU.ActiveCfg = Debug|Any CPU
		{A994347E-4CDC-4547-9A89-C42DE5AB9E96}.Debug|Any CPU.Build.0 = Debug|Any CPU
		{A994347E-4CDC-4547-9A89-C42DE5AB9E96}.Release|Any CPU.ActiveCfg = Release|Any CPU
		{A994347E-4CDC-4547-9A89-C42DE5AB9E96}.Release|Any CPU.Build.0 = Release|Any CPU
	EndGlobalSection
	GlobalSection(SolutionProperties) = preSolution
		HideSolutionNode = FALSE
	EndGlobalSection
	GlobalSection(ExtensibilityGlobals) = postSolution
		SolutionGuid = {F1C1FEE7-9502-4D72-8427-307EB8ABA97E}
	EndGlobalSection
EndGlobal
